
Microsoft Visual Studio Solution File, Format Version 12.00
# Visual Studio Version 17
VisualStudioVersion = 17.8.34330.188
MinimumVisualStudioVersion = 10.0.40219.1
Project("{9A19103F-16F7-4668-BE54-9A1E7A4F7556}") = "TestRainfallMeasurement", "TestRainfallMeasurement.csproj", "{949F77DD-31FD-4706-9D46-38A6AFEB7188}"
EndProject
Project("{9A19103F-16F7-4668-BE54-9A1E7A4F7556}") = "RainfallUnitTest", "..\RainfallUnitTest\RainfallUnitTest.csproj", "{3412B28E-2A08-4EF4-BECE-D357A323E99F}"
EndProject
Global
	GlobalSection(SolutionConfigurationPlatforms) = preSolution
		Debug|Any CPU = Debug|Any CPU
		Release|Any CPU = Release|Any CPU
	EndGlobalSection
	GlobalSection(ProjectConfigurationPlatforms) = postSolution
		{949F77DD-31FD-4706-9D46-38A6AFEB7188}.Debug|Any CPU.ActiveCfg = Debug|Any CPU
		{949F77DD-31FD-4706-9D46-38A6AFEB7188}.Debug|Any CPU.Build.0 = Debug|Any CPU
		{949F77DD-31FD-4706-9D46-38A6AFEB7188}.Release|Any CPU.ActiveCfg = Release|Any CPU
		{949F77DD-31FD-4706-9D46-38A6AFEB7188}.Release|Any CPU.Build.0 = Release|Any CPU
		{3412B28E-2A08-4EF4-BECE-D357A323E99F}.Debug|Any CPU.ActiveCfg = Debug|Any CPU
		{3412B28E-2A08-4EF4-BECE-D357A323E99F}.Debug|Any CPU.Build.0 = Debug|Any CPU
		{3412B28E-2A08-4EF4-BECE-D357A323E99F}.Release|Any CPU.ActiveCfg = Release|Any CPU
		{3412B28E-2A08-4EF4-BECE-D357A323E99F}.Release|Any CPU.Build.0 = Release|Any CPU
	EndGlobalSection
	GlobalSection(SolutionProperties) = preSolution
		HideSolutionNode = FALSE
	EndGlobalSection
	GlobalSection(ExtensibilityGlobals) = postSolution
		SolutionGuid = {87883CCD-AE5D-494E-B47C-8FCBE4BAA044}
	EndGlobalSection
EndGlobal
