
Microsoft Visual Studio Solution File, Format Version 12.00
# Visual Studio Version 17
VisualStudioVersion = 17.8.34330.188
MinimumVisualStudioVersion = 10.0.40219.1
Project("{9A19103F-16F7-4668-BE54-9A1E7A4F7556}") = "TestRainfallMeasurement", "TestRainfallMeasurement\TestRainfallMeasurement.csproj", "{8779C971-38BF-4937-A591-04E6473E1A6F}"
EndProject
Project("{9A19103F-16F7-4668-BE54-9A1E7A4F7556}") = "RainfallUnitTest", "RainfallUnitTest\RainfallUnitTest.csproj", "{DBE83371-B9FA-47EB-AE2D-9BC0ECF19E1C}"
EndProject
Global
	GlobalSection(SolutionConfigurationPlatforms) = preSolution
		Debug|Any CPU = Debug|Any CPU
		Release|Any CPU = Release|Any CPU
	EndGlobalSection
	GlobalSection(ProjectConfigurationPlatforms) = postSolution
		{8779C971-38BF-4937-A591-04E6473E1A6F}.Debug|Any CPU.ActiveCfg = Debug|Any CPU
		{8779C971-38BF-4937-A591-04E6473E1A6F}.Debug|Any CPU.Build.0 = Debug|Any CPU
		{8779C971-38BF-4937-A591-04E6473E1A6F}.Release|Any CPU.ActiveCfg = Release|Any CPU
		{8779C971-38BF-4937-A591-04E6473E1A6F}.Release|Any CPU.Build.0 = Release|Any CPU
		{DBE83371-B9FA-47EB-AE2D-9BC0ECF19E1C}.Debug|Any CPU.ActiveCfg = Debug|Any CPU
		{DBE83371-B9FA-47EB-AE2D-9BC0ECF19E1C}.Debug|Any CPU.Build.0 = Debug|Any CPU
		{DBE83371-B9FA-47EB-AE2D-9BC0ECF19E1C}.Release|Any CPU.ActiveCfg = Release|Any CPU
		{DBE83371-B9FA-47EB-AE2D-9BC0ECF19E1C}.Release|Any CPU.Build.0 = Release|Any CPU
	EndGlobalSection
	GlobalSection(SolutionProperties) = preSolution
		HideSolutionNode = FALSE
	EndGlobalSection
	GlobalSection(ExtensibilityGlobals) = postSolution
		SolutionGuid = {87883CCD-AE5D-494E-B47C-8FCBE4BAA044}
	EndGlobalSection
EndGlobal
